
Microsoft Visual Studio Solution File, Format Version 12.00
Project("{FAE04EC0-301F-11D3-BF4B-00C04F79EFBC}") = "Spyglass", "Spyglass\Spyglass.csproj", "{F2D7AB4C-7C7F-4097-9868-1CC42B15D1DF}"
EndProject
Project("{FAE04EC0-301F-11D3-BF4B-00C04F79EFBC}") = "Spyglass.Database", "Spyglass.Database\Spyglass.Database.csproj", "{02B46C09-40B3-4380-8DBE-D17C596D1BD9}"
EndProject
Project("{FAE04EC0-301F-11D3-BF4B-00C04F79EFBC}") = "Spyglass.Utilities", "Spyglass.Utilities\Spyglass.Utilities.csproj", "{CC32F041-F314-4D81-A291-2456DD0B11D3}"
EndProject
Global
	GlobalSection(SolutionConfigurationPlatforms) = preSolution
		Debug|Any CPU = Debug|Any CPU
		Release|Any CPU = Release|Any CPU
	EndGlobalSection
	GlobalSection(ProjectConfigurationPlatforms) = postSolution
		{F2D7AB4C-7C7F-4097-9868-1CC42B15D1DF}.Debug|Any CPU.ActiveCfg = Debug|Any CPU
		{F2D7AB4C-7C7F-4097-9868-1CC42B15D1DF}.Debug|Any CPU.Build.0 = Debug|Any CPU
		{F2D7AB4C-7C7F-4097-9868-1CC42B15D1DF}.Release|Any CPU.ActiveCfg = Release|Any CPU
		{F2D7AB4C-7C7F-4097-9868-1CC42B15D1DF}.Release|Any CPU.Build.0 = Release|Any CPU
		{02B46C09-40B3-4380-8DBE-D17C596D1BD9}.Debug|Any CPU.ActiveCfg = Debug|Any CPU
		{02B46C09-40B3-4380-8DBE-D17C596D1BD9}.Debug|Any CPU.Build.0 = Debug|Any CPU
		{02B46C09-40B3-4380-8DBE-D17C596D1BD9}.Release|Any CPU.ActiveCfg = Release|Any CPU
		{02B46C09-40B3-4380-8DBE-D17C596D1BD9}.Release|Any CPU.Build.0 = Release|Any CPU
		{CC32F041-F314-4D81-A291-2456DD0B11D3}.Debug|Any CPU.ActiveCfg = Debug|Any CPU
		{CC32F041-F314-4D81-A291-2456DD0B11D3}.Debug|Any CPU.Build.0 = Debug|Any CPU
		{CC32F041-F314-4D81-A291-2456DD0B11D3}.Release|Any CPU.ActiveCfg = Release|Any CPU
		{CC32F041-F314-4D81-A291-2456DD0B11D3}.Release|Any CPU.Build.0 = Release|Any CPU
	EndGlobalSection
EndGlobal
